// !$*UTF8*$!
{
	archiveVersion = 1;
	classes = {
	};
	objectVersion = 50;
	objects = {

/* Begin PBXBuildFile section */
		042D8CE424F68BAB009CCDFC /* Design.swift in Sources */ = {isa = PBXBuildFile; fileRef = 042D8CE324F68BAB009CCDFC /* Design.swift */; };
		048D121F24F0E7F800317CBF /* AppDelegate.swift in Sources */ = {isa = PBXBuildFile; fileRef = 048D121E24F0E7F800317CBF /* AppDelegate.swift */; };
		048D122124F0E7F800317CBF /* SceneDelegate.swift in Sources */ = {isa = PBXBuildFile; fileRef = 048D122024F0E7F800317CBF /* SceneDelegate.swift */; };
		048D122324F0E7F800317CBF /* ViewController.swift in Sources */ = {isa = PBXBuildFile; fileRef = 048D122224F0E7F800317CBF /* ViewController.swift */; };
		048D122624F0E7F800317CBF /* Main.storyboard in Resources */ = {isa = PBXBuildFile; fileRef = 048D122424F0E7F800317CBF /* Main.storyboard */; };
		048D122824F0E7F800317CBF /* Assets.xcassets in Resources */ = {isa = PBXBuildFile; fileRef = 048D122724F0E7F800317CBF /* Assets.xcassets */; };
		048D122B24F0E7F800317CBF /* LaunchScreen.storyboard in Resources */ = {isa = PBXBuildFile; fileRef = 048D122924F0E7F800317CBF /* LaunchScreen.storyboard */; };
		04FD50D124F5A6F900233D52 /* InviteTableViewController.swift in Sources */ = {isa = PBXBuildFile; fileRef = 04FD50D024F5A6F900233D52 /* InviteTableViewController.swift */; };
/* End PBXBuildFile section */

/* Begin PBXFileReference section */
		042D8CE324F68BAB009CCDFC /* Design.swift */ = {isa = PBXFileReference; fileEncoding = 4; lastKnownFileType = sourcecode.swift; path = Design.swift; sourceTree = "<group>"; };
		048D121B24F0E7F800317CBF /* LinkedIn Clone.app */ = {isa = PBXFileReference; explicitFileType = wrapper.application; includeInIndex = 0; path = "LinkedIn Clone.app"; sourceTree = BUILT_PRODUCTS_DIR; };
		048D121E24F0E7F800317CBF /* AppDelegate.swift */ = {isa = PBXFileReference; lastKnownFileType = sourcecode.swift; path = AppDelegate.swift; sourceTree = "<group>"; };
		048D122024F0E7F800317CBF /* SceneDelegate.swift */ = {isa = PBXFileReference; lastKnownFileType = sourcecode.swift; path = SceneDelegate.swift; sourceTree = "<group>"; };
		048D122224F0E7F800317CBF /* ViewController.swift */ = {isa = PBXFileReference; lastKnownFileType = sourcecode.swift; path = ViewController.swift; sourceTree = "<group>"; };
		048D122524F0E7F800317CBF /* Base */ = {isa = PBXFileReference; lastKnownFileType = file.storyboard; name = Base; path = Base.lproj/Main.storyboard; sourceTree = "<group>"; };
		048D122724F0E7F800317CBF /* Assets.xcassets */ = {isa = PBXFileReference; lastKnownFileType = folder.assetcatalog; path = Assets.xcassets; sourceTree = "<group>"; };
		048D122A24F0E7F800317CBF /* Base */ = {isa = PBXFileReference; lastKnownFileType = file.storyboard; name = Base; path = Base.lproj/LaunchScreen.storyboard; sourceTree = "<group>"; };
		048D122C24F0E7F800317CBF /* Info.plist */ = {isa = PBXFileReference; lastKnownFileType = text.plist.xml; path = Info.plist; sourceTree = "<group>"; };
		04FD50D024F5A6F900233D52 /* InviteTableViewController.swift */ = {isa = PBXFileReference; lastKnownFileType = sourcecode.swift; path = InviteTableViewController.swift; sourceTree = "<group>"; };
/* End PBXFileReference section */

/* Begin PBXFrameworksBuildPhase section */
		048D121824F0E7F800317CBF /* Frameworks */ = {
			isa = PBXFrameworksBuildPhase;
			buildActionMask = 2147483647;
			files = (
			);
			runOnlyForDeploymentPostprocessing = 0;
		};
/* End PBXFrameworksBuildPhase section */

/* Begin PBXGroup section */
		048D121224F0E7F800317CBF = {
			isa = PBXGroup;
			children = (
				048D121D24F0E7F800317CBF /* LinkedIn Clone */,
				048D121C24F0E7F800317CBF /* Products */,
			);
			sourceTree = "<group>";
		};
		048D121C24F0E7F800317CBF /* Products */ = {
			isa = PBXGroup;
			children = (
				048D121B24F0E7F800317CBF /* LinkedIn Clone.app */,
			);
			name = Products;
			sourceTree = "<group>";
		};
		048D121D24F0E7F800317CBF /* LinkedIn Clone */ = {
			isa = PBXGroup;
			children = (
				048D121E24F0E7F800317CBF /* AppDelegate.swift */,
				048D122024F0E7F800317CBF /* SceneDelegate.swift */,
				042D8CE324F68BAB009CCDFC /* Design.swift */,
				048D122224F0E7F800317CBF /* ViewController.swift */,
				048D122424F0E7F800317CBF /* Main.storyboard */,
				04FD50D024F5A6F900233D52 /* InviteTableViewController.swift */,
				048D122724F0E7F800317CBF /* Assets.xcassets */,
				048D122924F0E7F800317CBF /* LaunchScreen.storyboard */,
				048D122C24F0E7F800317CBF /* Info.plist */,
			);
			path = "LinkedIn Clone";
			sourceTree = "<group>";
		};
/* End PBXGroup section */

/* Begin PBXNativeTarget section */
		048D121A24F0E7F800317CBF /* LinkedIn Clone */ = {
			isa = PBXNativeTarget;
			buildConfigurationList = 048D122F24F0E7F800317CBF /* Build configuration list for PBXNativeTarget "LinkedIn Clone" */;
			buildPhases = (
				048D121724F0E7F800317CBF /* Sources */,
				048D121824F0E7F800317CBF /* Frameworks */,
				048D121924F0E7F800317CBF /* Resources */,
			);
			buildRules = (
			);
			dependencies = (
			);
			name = "LinkedIn Clone";
			productName = "LinkedIn Clone";
			productReference = 048D121B24F0E7F800317CBF /* LinkedIn Clone.app */;
			productType = "com.apple.product-type.application";
		};
/* End PBXNativeTarget section */

/* Begin PBXProject section */
		048D121324F0E7F800317CBF /* Project object */ = {
			isa = PBXProject;
			attributes = {
				LastSwiftUpdateCheck = 1160;
				LastUpgradeCheck = 1160;
				ORGANIZATIONNAME = chavicodes;
				TargetAttributes = {
					048D121A24F0E7F800317CBF = {
						CreatedOnToolsVersion = 11.6;
					};
				};
			};
			buildConfigurationList = 048D121624F0E7F800317CBF /* Build configuration list for PBXProject "LinkedIn Clone" */;
			compatibilityVersion = "Xcode 9.3";
			developmentRegion = en;
			hasScannedForEncodings = 0;
			knownRegions = (
				en,
				Base,
			);
			mainGroup = 048D121224F0E7F800317CBF;
			productRefGroup = 048D121C24F0E7F800317CBF /* Products */;
			projectDirPath = "";
			projectRoot = "";
			targets = (
				048D121A24F0E7F800317CBF /* LinkedIn Clone */,
			);
		};
/* End PBXProject section */

/* Begin PBXResourcesBuildPhase section */
		048D121924F0E7F800317CBF /* Resources */ = {
			isa = PBXResourcesBuildPhase;
			buildActionMask = 2147483647;
			files = (
				048D122B24F0E7F800317CBF /* LaunchScreen.storyboard in Resources */,
				048D122824F0E7F800317CBF /* Assets.xcassets in Resources */,
				048D122624F0E7F800317CBF /* Main.storyboard in Resources */,
			);
			runOnlyForDeploymentPostprocessing = 0;
		};
/* End PBXResourcesBuildPhase section */

/* Begin PBXSourcesBuildPhase section */
		048D121724F0E7F800317CBF /* Sources */ = {
			isa = PBXSourcesBuildPhase;
			buildActionMask = 2147483647;
			files = (
				042D8CE424F68BAB009CCDFC /* Design.swift in Sources */,
				048D122324F0E7F800317CBF /* ViewController.swift in Sources */,
				04FD50D124F5A6F900233D52 /* InviteTableViewController.swift in Sources */,
				048D121F24F0E7F800317CBF /* AppDelegate.swift in Sources */,
				048D122124F0E7F800317CBF /* SceneDelegate.swift in Sources */,
			);
			runOnlyForDeploymentPostprocessing = 0;
		};
/* End PBXSourcesBuildPhase section */

/* Begin PBXVariantGroup section */
		048D122424F0E7F800317CBF /* Main.storyboard */ = {
			isa = PBXVariantGroup;
			children = (
				048D122524F0E7F800317CBF /* Base */,
			);
			name = Main.storyboard;
			sourceTree = "<group>";
		};
		048D122924F0E7F800317CBF /* LaunchScreen.storyboard */ = {
			isa = PBXVariantGroup;
			children = (
				048D122A24F0E7F800317CBF /* Base */,
			);
			name = LaunchScreen.storyboard;
			sourceTree = "<group>";
		};
/* End PBXVariantGroup section */

/* Begin XCBuildConfiguration section */
		048D122D24F0E7F800317CBF /* Debug */ = {
			isa = XCBuildConfiguration;
			buildSettings = {
				ALWAYS_SEARCH_USER_PATHS = NO;
				CLANG_ANALYZER_NONNULL = YES;
				CLANG_ANALYZER_NUMBER_OBJECT_CONVERSION = YES_AGGRESSIVE;
				CLANG_CXX_LANGUAGE_STANDARD = "gnu++14";
				CLANG_CXX_LIBRARY = "libc++";
				CLANG_ENABLE_MODULES = YES;
				CLANG_ENABLE_OBJC_ARC = YES;
				CLANG_ENABLE_OBJC_WEAK = YES;
				CLANG_WARN_BLOCK_CAPTURE_AUTORELEASING = YES;
				CLANG_WARN_BOOL_CONVERSION = YES;
				CLANG_WARN_COMMA = YES;
				CLANG_WARN_CONSTANT_CONVERSION = YES;
				CLANG_WARN_DEPRECATED_OBJC_IMPLEMENTATIONS = YES;
				CLANG_WARN_DIRECT_OBJC_ISA_USAGE = YES_ERROR;
				CLANG_WARN_DOCUMENTATION_COMMENTS = YES;
				CLANG_WARN_EMPTY_BODY = YES;
				CLANG_WARN_ENUM_CONVERSION = YES;
				CLANG_WARN_INFINITE_RECURSION = YES;
				CLANG_WARN_INT_CONVERSION = YES;
				CLANG_WARN_NON_LITERAL_NULL_CONVERSION = YES;
				CLANG_WARN_OBJC_IMPLICIT_RETAIN_SELF = YES;
				CLANG_WARN_OBJC_LITERAL_CONVERSION = YES;
				CLANG_WARN_OBJC_ROOT_CLASS = YES_ERROR;
				CLANG_WARN_RANGE_LOOP_ANALYSIS = YES;
				CLANG_WARN_STRICT_PROTOTYPES = YES;
				CLANG_WARN_SUSPICIOUS_MOVE = YES;
				CLANG_WARN_UNGUARDED_AVAILABILITY = YES_AGGRESSIVE;
				CLANG_WARN_UNREACHABLE_CODE = YES;
				CLANG_WARN__DUPLICATE_METHOD_MATCH = YES;
				COPY_PHASE_STRIP = NO;
				DEBUG_INFORMATION_FORMAT = dwarf;
				ENABLE_STRICT_OBJC_MSGSEND = YES;
				ENABLE_TESTABILITY = YES;
				GCC_C_LANGUAGE_STANDARD = gnu11;
				GCC_DYNAMIC_NO_PIC = NO;
				GCC_NO_COMMON_BLOCKS = YES;
				GCC_OPTIMIZATION_LEVEL = 0;
				GCC_PREPROCESSOR_DEFINITIONS = (
					"DEBUG=1",
					"$(inherited)",
				);
				GCC_WARN_64_TO_32_BIT_CONVERSION = YES;
				GCC_WARN_ABOUT_RETURN_TYPE = YES_ERROR;
				GCC_WARN_UNDECLARED_SELECTOR = YES;
				GCC_WARN_UNINITIALIZED_AUTOS = YES_AGGRESSIVE;
				GCC_WARN_UNUSED_FUNCTION = YES;
				GCC_WARN_UNUSED_VARIABLE = YES;
				IPHONEOS_DEPLOYMENT_TARGET = 13.6;
				MTL_ENABLE_DEBUG_INFO = INCLUDE_SOURCE;
				MTL_FAST_MATH = YES;
				ONLY_ACTIVE_ARCH = YES;
				SDKROOT = iphoneos;
				SWIFT_ACTIVE_COMPILATION_CONDITIONS = DEBUG;
				SWIFT_OPTIMIZATION_LEVEL = "-Onone";
			};
			name = Debug;
		};
		048D122E24F0E7F800317CBF /* Release */ = {
			isa = XCBuildConfiguration;
			buildSettings = {
				ALWAYS_SEARCH_USER_PATHS = NO;
				CLANG_ANALYZER_NONNULL = YES;
				CLANG_ANALYZER_NUMBER_OBJECT_CONVERSION = YES_AGGRESSIVE;
				CLANG_CXX_LANGUAGE_STANDARD = "gnu++14";
				CLANG_CXX_LIBRARY = "libc++";
				CLANG_ENABLE_MODULES = YES;
				CLANG_ENABLE_OBJC_ARC = YES;
				CLANG_ENABLE_OBJC_WEAK = YES;
				CLANG_WARN_BLOCK_CAPTURE_AUTORELEASING = YES;
				CLANG_WARN_BOOL_CONVERSION = YES;
				CLANG_WARN_COMMA = YES;
				CLANG_WARN_CONSTANT_CONVERSION = YES;
				CLANG_WARN_DEPRECATED_OBJC_IMPLEMENTATIONS = YES;
				CLANG_WARN_DIRECT_OBJC_ISA_USAGE = YES_ERROR;
				CLANG_WARN_DOCUMENTATION_COMMENTS = YES;
				CLANG_WARN_EMPTY_BODY = YES;
				CLANG_WARN_ENUM_CONVERSION = YES;
				CLANG_WARN_INFINITE_RECURSION = YES;
				CLANG_WARN_INT_CONVERSION = YES;
				CLANG_WARN_NON_LITERAL_NULL_CONVERSION = YES;
				CLANG_WARN_OBJC_IMPLICIT_RETAIN_SELF = YES;
				CLANG_WARN_OBJC_LITERAL_CONVERSION = YES;
				CLANG_WARN_OBJC_ROOT_CLASS = YES_ERROR;
				CLANG_WARN_RANGE_LOOP_ANALYSIS = YES;
				CLANG_WARN_STRICT_PROTOTYPES = YES;
				CLANG_WARN_SUSPICIOUS_MOVE = YES;
				CLANG_WARN_UNGUARDED_AVAILABILITY = YES_AGGRESSIVE;
				CLANG_WARN_UNREACHABLE_CODE = YES;
				CLANG_WARN__DUPLICATE_METHOD_MATCH = YES;
				COPY_PHASE_STRIP = NO;
				DEBUG_INFORMATION_FORMAT = "dwarf-with-dsym";
				ENABLE_NS_ASSERTIONS = NO;
				ENABLE_STRICT_OBJC_MSGSEND = YES;
				GCC_C_LANGUAGE_STANDARD = gnu11;
				GCC_NO_COMMON_BLOCKS = YES;
				GCC_WARN_64_TO_32_BIT_CONVERSION = YES;
				GCC_WARN_ABOUT_RETURN_TYPE = YES_ERROR;
				GCC_WARN_UNDECLARED_SELECTOR = YES;
				GCC_WARN_UNINITIALIZED_AUTOS = YES_AGGRESSIVE;
				GCC_WARN_UNUSED_FUNCTION = YES;
				GCC_WARN_UNUSED_VARIABLE = YES;
				IPHONEOS_DEPLOYMENT_TARGET = 13.6;
				MTL_ENABLE_DEBUG_INFO = NO;
				MTL_FAST_MATH = YES;
				SDKROOT = iphoneos;
				SWIFT_COMPILATION_MODE = wholemodule;
				SWIFT_OPTIMIZATION_LEVEL = "-O";
				VALIDATE_PRODUCT = YES;
			};
			name = Release;
		};
		048D123024F0E7F800317CBF /* Debug */ = {
			isa = XCBuildConfiguration;
			buildSettings = {
				ASSETCATALOG_COMPILER_APPICON_NAME = AppIcon;
				CODE_SIGN_STYLE = Automatic;
				INFOPLIST_FILE = "LinkedIn Clone/Info.plist";
				LD_RUNPATH_SEARCH_PATHS = (
					"$(inherited)",
					"@executable_path/Frameworks",
				);
				PRODUCT_BUNDLE_IDENTIFIER = "com.chavicodes.LinkedIn-Clone";
				PRODUCT_NAME = "$(TARGET_NAME)";
				SWIFT_VERSION = 5.0;
				TARGETED_DEVICE_FAMILY = "1,2";
			};
			name = Debug;
		};
		048D123124F0E7F800317CBF /* Release */ = {
			isa = XCBuildConfiguration;
			buildSettings = {
				ASSETCATALOG_COMPILER_APPICON_NAME = AppIcon;
				CODE_SIGN_STYLE = Automatic;
				INFOPLIST_FILE = "LinkedIn Clone/Info.plist";
				LD_RUNPATH_SEARCH_PATHS = (
					"$(inherited)",
					"@executable_path/Frameworks",
				);
				PRODUCT_BUNDLE_IDENTIFIER = "com.chavicodes.LinkedIn-Clone";
				PRODUCT_NAME = "$(TARGET_NAME)";
				SWIFT_VERSION = 5.0;
				TARGETED_DEVICE_FAMILY = "1,2";
			};
			name = Release;
		};
/* End XCBuildConfiguration section */

/* Begin XCConfigurationList section */
		048D121624F0E7F800317CBF /* Build configuration list for PBXProject "LinkedIn Clone" */ = {
			isa = XCConfigurationList;
			buildConfigurations = (
				048D122D24F0E7F800317CBF /* Debug */,
				048D122E24F0E7F800317CBF /* Release */,
			);
			defaultConfigurationIsVisible = 0;
			defaultConfigurationName = Release;
		};
		048D122F24F0E7F800317CBF /* Build configuration list for PBXNativeTarget "LinkedIn Clone" */ = {
			isa = XCConfigurationList;
			buildConfigurations = (
				048D123024F0E7F800317CBF /* Debug */,
				048D123124F0E7F800317CBF /* Release */,
			);
			defaultConfigurationIsVisible = 0;
			defaultConfigurationName = Release;
		};
/* End XCConfigurationList section */
	};
	rootObject = 048D121324F0E7F800317CBF /* Project object */;
}
